// !$*UTF8*$!
{
	archiveVersion = 1;
	classes = {
	};
	objectVersion = 48;
	objects = {

/* Begin PBXBuildFile section */
		26426F931FD473B50059D4AC /* AppDelegate.swift in Sources */ = {isa = PBXBuildFile; fileRef = 26426F921FD473B50059D4AC /* AppDelegate.swift */; };
		26426F951FD473B50059D4AC /* ConsumerViewController.swift in Sources */ = {isa = PBXBuildFile; fileRef = 26426F941FD473B50059D4AC /* ConsumerViewController.swift */; };
		26426F981FD473B50059D4AC /* Main.storyboard in Resources */ = {isa = PBXBuildFile; fileRef = 26426F961FD473B50059D4AC /* Main.storyboard */; };
		26426F9A1FD473B50059D4AC /* Assets.xcassets in Resources */ = {isa = PBXBuildFile; fileRef = 26426F991FD473B50059D4AC /* Assets.xcassets */; };
		26426F9D1FD473B50059D4AC /* LaunchScreen.storyboard in Resources */ = {isa = PBXBuildFile; fileRef = 26426F9B1FD473B50059D4AC /* LaunchScreen.storyboard */; };
		26426FA81FD473B50059D4AC /* DigitalStickerTests.swift in Sources */ = {isa = PBXBuildFile; fileRef = 26426FA71FD473B50059D4AC /* DigitalStickerTests.swift */; };
		26426FB51FD477820059D4AC /* SettingsViewController.swift in Sources */ = {isa = PBXBuildFile; fileRef = 26426FB21FD477810059D4AC /* SettingsViewController.swift */; };
		26426FB61FD477820059D4AC /* RideShareViewController.swift in Sources */ = {isa = PBXBuildFile; fileRef = 26426FB31FD477820059D4AC /* RideShareViewController.swift */; };
		26426FB71FD477820059D4AC /* FleetsViewController.swift in Sources */ = {isa = PBXBuildFile; fileRef = 26426FB41FD477820059D4AC /* FleetsViewController.swift */; };
		26426FBA1FD47AC30059D4AC /* LogsViewController.swift in Sources */ = {isa = PBXBuildFile; fileRef = 26426FB91FD47AC30059D4AC /* LogsViewController.swift */; };
		26426FBC1FD47ADF0059D4AC /* SessionViewController.swift in Sources */ = {isa = PBXBuildFile; fileRef = 26426FBB1FD47ADF0059D4AC /* SessionViewController.swift */; };
		26426FBE1FD47EB60059D4AC /* ContentListViewController.swift in Sources */ = {isa = PBXBuildFile; fileRef = 26426FBD1FD47EB60059D4AC /* ContentListViewController.swift */; };
		26426FC11FD4831D0059D4AC /* ContentCell.swift in Sources */ = {isa = PBXBuildFile; fileRef = 26426FC01FD4831D0059D4AC /* ContentCell.swift */; };
		26426FC41FD489020059D4AC /* ContentItem.swift in Sources */ = {isa = PBXBuildFile; fileRef = 26426FC31FD489020059D4AC /* ContentItem.swift */; };
		2689D8AC1FD49B1B00376661 /* BaseViewController.swift in Sources */ = {isa = PBXBuildFile; fileRef = 2689D8AB1FD49B1B00376661 /* BaseViewController.swift */; };
/* End PBXBuildFile section */

/* Begin PBXContainerItemProxy section */
		26426FA41FD473B50059D4AC /* PBXContainerItemProxy */ = {
			isa = PBXContainerItemProxy;
			containerPortal = 26426F871FD473B50059D4AC /* Project object */;
			proxyType = 1;
			remoteGlobalIDString = 26426F8E1FD473B50059D4AC;
			remoteInfo = DigitalSticker;
		};
/* End PBXContainerItemProxy section */

/* Begin PBXFileReference section */
		26426F8F1FD473B50059D4AC /* DigitalSticker.app */ = {isa = PBXFileReference; explicitFileType = wrapper.application; includeInIndex = 0; path = DigitalSticker.app; sourceTree = BUILT_PRODUCTS_DIR; };
		26426F921FD473B50059D4AC /* AppDelegate.swift */ = {isa = PBXFileReference; lastKnownFileType = sourcecode.swift; path = AppDelegate.swift; sourceTree = "<group>"; };
		26426F941FD473B50059D4AC /* ConsumerViewController.swift */ = {isa = PBXFileReference; lastKnownFileType = sourcecode.swift; path = ConsumerViewController.swift; sourceTree = "<group>"; };
		26426F971FD473B50059D4AC /* Base */ = {isa = PBXFileReference; lastKnownFileType = file.storyboard; name = Base; path = Base.lproj/Main.storyboard; sourceTree = "<group>"; };
		26426F991FD473B50059D4AC /* Assets.xcassets */ = {isa = PBXFileReference; lastKnownFileType = folder.assetcatalog; path = Assets.xcassets; sourceTree = "<group>"; };
		26426F9C1FD473B50059D4AC /* Base */ = {isa = PBXFileReference; lastKnownFileType = file.storyboard; name = Base; path = Base.lproj/LaunchScreen.storyboard; sourceTree = "<group>"; };
		26426F9E1FD473B50059D4AC /* Info.plist */ = {isa = PBXFileReference; lastKnownFileType = text.plist.xml; path = Info.plist; sourceTree = "<group>"; };
		26426FA31FD473B50059D4AC /* DigitalStickerTests.xctest */ = {isa = PBXFileReference; explicitFileType = wrapper.cfbundle; includeInIndex = 0; path = DigitalStickerTests.xctest; sourceTree = BUILT_PRODUCTS_DIR; };
		26426FA71FD473B50059D4AC /* DigitalStickerTests.swift */ = {isa = PBXFileReference; lastKnownFileType = sourcecode.swift; path = DigitalStickerTests.swift; sourceTree = "<group>"; };
		26426FA91FD473B50059D4AC /* Info.plist */ = {isa = PBXFileReference; lastKnownFileType = text.plist.xml; path = Info.plist; sourceTree = "<group>"; };
		26426FB21FD477810059D4AC /* SettingsViewController.swift */ = {isa = PBXFileReference; fileEncoding = 4; lastKnownFileType = sourcecode.swift; path = SettingsViewController.swift; sourceTree = "<group>"; };
		26426FB31FD477820059D4AC /* RideShareViewController.swift */ = {isa = PBXFileReference; fileEncoding = 4; lastKnownFileType = sourcecode.swift; path = RideShareViewController.swift; sourceTree = "<group>"; };
		26426FB41FD477820059D4AC /* FleetsViewController.swift */ = {isa = PBXFileReference; fileEncoding = 4; lastKnownFileType = sourcecode.swift; path = FleetsViewController.swift; sourceTree = "<group>"; };
		26426FB91FD47AC30059D4AC /* LogsViewController.swift */ = {isa = PBXFileReference; lastKnownFileType = sourcecode.swift; path = LogsViewController.swift; sourceTree = "<group>"; };
		26426FBB1FD47ADF0059D4AC /* SessionViewController.swift */ = {isa = PBXFileReference; lastKnownFileType = sourcecode.swift; path = SessionViewController.swift; sourceTree = "<group>"; };
		26426FBD1FD47EB60059D4AC /* ContentListViewController.swift */ = {isa = PBXFileReference; lastKnownFileType = sourcecode.swift; path = ContentListViewController.swift; sourceTree = "<group>"; };
		26426FC01FD4831D0059D4AC /* ContentCell.swift */ = {isa = PBXFileReference; lastKnownFileType = sourcecode.swift; path = ContentCell.swift; sourceTree = "<group>"; };
		26426FC31FD489020059D4AC /* ContentItem.swift */ = {isa = PBXFileReference; lastKnownFileType = sourcecode.swift; path = ContentItem.swift; sourceTree = "<group>"; };
		2689D8AB1FD49B1B00376661 /* BaseViewController.swift */ = {isa = PBXFileReference; lastKnownFileType = sourcecode.swift; path = BaseViewController.swift; sourceTree = "<group>"; };
/* End PBXFileReference section */

/* Begin PBXFrameworksBuildPhase section */
		26426F8C1FD473B50059D4AC /* Frameworks */ = {
			isa = PBXFrameworksBuildPhase;
			buildActionMask = 2147483647;
			files = (
			);
			runOnlyForDeploymentPostprocessing = 0;
		};
		26426FA01FD473B50059D4AC /* Frameworks */ = {
			isa = PBXFrameworksBuildPhase;
			buildActionMask = 2147483647;
			files = (
			);
			runOnlyForDeploymentPostprocessing = 0;
		};
/* End PBXFrameworksBuildPhase section */

/* Begin PBXGroup section */
		26426F861FD473B50059D4AC = {
			isa = PBXGroup;
			children = (
				26426F911FD473B50059D4AC /* DigitalSticker */,
				26426FA61FD473B50059D4AC /* DigitalStickerTests */,
				26426F901FD473B50059D4AC /* Products */,
			);
			sourceTree = "<group>";
		};
		26426F901FD473B50059D4AC /* Products */ = {
			isa = PBXGroup;
			children = (
				26426F8F1FD473B50059D4AC /* DigitalSticker.app */,
				26426FA31FD473B50059D4AC /* DigitalStickerTests.xctest */,
			);
			name = Products;
			sourceTree = "<group>";
		};
		26426F911FD473B50059D4AC /* DigitalSticker */ = {
			isa = PBXGroup;
			children = (
				26426FC21FD488F30059D4AC /* Content */,
				26426FB81FD477840059D4AC /* View Controllers */,
				26426FBF1FD482F00059D4AC /* Cells */,
				26426F921FD473B50059D4AC /* AppDelegate.swift */,
				26426F961FD473B50059D4AC /* Main.storyboard */,
				26426F991FD473B50059D4AC /* Assets.xcassets */,
				26426F9B1FD473B50059D4AC /* LaunchScreen.storyboard */,
				26426F9E1FD473B50059D4AC /* Info.plist */,
			);
			path = DigitalSticker;
			sourceTree = "<group>";
		};
		26426FA61FD473B50059D4AC /* DigitalStickerTests */ = {
			isa = PBXGroup;
			children = (
				26426FA71FD473B50059D4AC /* DigitalStickerTests.swift */,
				26426FA91FD473B50059D4AC /* Info.plist */,
			);
			path = DigitalStickerTests;
			sourceTree = "<group>";
		};
		26426FB81FD477840059D4AC /* View Controllers */ = {
			isa = PBXGroup;
			children = (
				2689D8AB1FD49B1B00376661 /* BaseViewController.swift */,
				26426F941FD473B50059D4AC /* ConsumerViewController.swift */,
				26426FB41FD477820059D4AC /* FleetsViewController.swift */,
				26426FB31FD477820059D4AC /* RideShareViewController.swift */,
				26426FB21FD477810059D4AC /* SettingsViewController.swift */,
				26426FB91FD47AC30059D4AC /* LogsViewController.swift */,
				26426FBB1FD47ADF0059D4AC /* SessionViewController.swift */,
				26426FBD1FD47EB60059D4AC /* ContentListViewController.swift */,
			);
			path = "View Controllers";
			sourceTree = "<group>";
		};
		26426FBF1FD482F00059D4AC /* Cells */ = {
			isa = PBXGroup;
			children = (
				26426FC01FD4831D0059D4AC /* ContentCell.swift */,
			);
			path = Cells;
			sourceTree = "<group>";
		};
		26426FC21FD488F30059D4AC /* Content */ = {
			isa = PBXGroup;
			children = (
				26426FC31FD489020059D4AC /* ContentItem.swift */,
			);
			path = Content;
			sourceTree = "<group>";
		};
/* End PBXGroup section */

/* Begin PBXNativeTarget section */
		26426F8E1FD473B50059D4AC /* DigitalSticker */ = {
			isa = PBXNativeTarget;
			buildConfigurationList = 26426FAC1FD473B50059D4AC /* Build configuration list for PBXNativeTarget "DigitalSticker" */;
			buildPhases = (
				26426F8B1FD473B50059D4AC /* Sources */,
				26426F8C1FD473B50059D4AC /* Frameworks */,
				26426F8D1FD473B50059D4AC /* Resources */,
			);
			buildRules = (
			);
			dependencies = (
			);
			name = DigitalSticker;
			productName = DigitalSticker;
			productReference = 26426F8F1FD473B50059D4AC /* DigitalSticker.app */;
			productType = "com.apple.product-type.application";
		};
		26426FA21FD473B50059D4AC /* DigitalStickerTests */ = {
			isa = PBXNativeTarget;
			buildConfigurationList = 26426FAF1FD473B50059D4AC /* Build configuration list for PBXNativeTarget "DigitalStickerTests" */;
			buildPhases = (
				26426F9F1FD473B50059D4AC /* Sources */,
				26426FA01FD473B50059D4AC /* Frameworks */,
				26426FA11FD473B50059D4AC /* Resources */,
			);
			buildRules = (
			);
			dependencies = (
				26426FA51FD473B50059D4AC /* PBXTargetDependency */,
			);
			name = DigitalStickerTests;
			productName = DigitalStickerTests;
			productReference = 26426FA31FD473B50059D4AC /* DigitalStickerTests.xctest */;
			productType = "com.apple.product-type.bundle.unit-test";
		};
/* End PBXNativeTarget section */

/* Begin PBXProject section */
		26426F871FD473B50059D4AC /* Project object */ = {
			isa = PBXProject;
			attributes = {
				LastSwiftUpdateCheck = 0910;
				LastUpgradeCheck = 0910;
				ORGANIZATIONNAME = "Avinash Dabir";
				TargetAttributes = {
					26426F8E1FD473B50059D4AC = {
						CreatedOnToolsVersion = 9.1;
						ProvisioningStyle = Automatic;
					};
					26426FA21FD473B50059D4AC = {
						CreatedOnToolsVersion = 9.1;
						ProvisioningStyle = Automatic;
						TestTargetID = 26426F8E1FD473B50059D4AC;
					};
				};
			};
			buildConfigurationList = 26426F8A1FD473B50059D4AC /* Build configuration list for PBXProject "DigitalSticker" */;
			compatibilityVersion = "Xcode 8.0";
			developmentRegion = en;
			hasScannedForEncodings = 0;
			knownRegions = (
				en,
				Base,
			);
			mainGroup = 26426F861FD473B50059D4AC;
			productRefGroup = 26426F901FD473B50059D4AC /* Products */;
			projectDirPath = "";
			projectRoot = "";
			targets = (
				26426F8E1FD473B50059D4AC /* DigitalSticker */,
				26426FA21FD473B50059D4AC /* DigitalStickerTests */,
			);
		};
/* End PBXProject section */

/* Begin PBXResourcesBuildPhase section */
		26426F8D1FD473B50059D4AC /* Resources */ = {
			isa = PBXResourcesBuildPhase;
			buildActionMask = 2147483647;
			files = (
				26426F9D1FD473B50059D4AC /* LaunchScreen.storyboard in Resources */,
				26426F9A1FD473B50059D4AC /* Assets.xcassets in Resources */,
				26426F981FD473B50059D4AC /* Main.storyboard in Resources */,
			);
			runOnlyForDeploymentPostprocessing = 0;
		};
		26426FA11FD473B50059D4AC /* Resources */ = {
			isa = PBXResourcesBuildPhase;
			buildActionMask = 2147483647;
			files = (
			);
			runOnlyForDeploymentPostprocessing = 0;
		};
/* End PBXResourcesBuildPhase section */

/* Begin PBXSourcesBuildPhase section */
		26426F8B1FD473B50059D4AC /* Sources */ = {
			isa = PBXSourcesBuildPhase;
			buildActionMask = 2147483647;
			files = (
				26426FBE1FD47EB60059D4AC /* ContentListViewController.swift in Sources */,
				26426F951FD473B50059D4AC /* ConsumerViewController.swift in Sources */,
				2689D8AC1FD49B1B00376661 /* BaseViewController.swift in Sources */,
				26426FC41FD489020059D4AC /* ContentItem.swift in Sources */,
				26426F931FD473B50059D4AC /* AppDelegate.swift in Sources */,
				26426FC11FD4831D0059D4AC /* ContentCell.swift in Sources */,
				26426FB61FD477820059D4AC /* RideShareViewController.swift in Sources */,
				26426FB71FD477820059D4AC /* FleetsViewController.swift in Sources */,
				26426FB51FD477820059D4AC /* SettingsViewController.swift in Sources */,
				26426FBC1FD47ADF0059D4AC /* SessionViewController.swift in Sources */,
				26426FBA1FD47AC30059D4AC /* LogsViewController.swift in Sources */,
			);
			runOnlyForDeploymentPostprocessing = 0;
		};
		26426F9F1FD473B50059D4AC /* Sources */ = {
			isa = PBXSourcesBuildPhase;
			buildActionMask = 2147483647;
			files = (
				26426FA81FD473B50059D4AC /* DigitalStickerTests.swift in Sources */,
			);
			runOnlyForDeploymentPostprocessing = 0;
		};
/* End PBXSourcesBuildPhase section */

/* Begin PBXTargetDependency section */
		26426FA51FD473B50059D4AC /* PBXTargetDependency */ = {
			isa = PBXTargetDependency;
			target = 26426F8E1FD473B50059D4AC /* DigitalSticker */;
			targetProxy = 26426FA41FD473B50059D4AC /* PBXContainerItemProxy */;
		};
/* End PBXTargetDependency section */

/* Begin PBXVariantGroup section */
		26426F961FD473B50059D4AC /* Main.storyboard */ = {
			isa = PBXVariantGroup;
			children = (
				26426F971FD473B50059D4AC /* Base */,
			);
			name = Main.storyboard;
			sourceTree = "<group>";
		};
		26426F9B1FD473B50059D4AC /* LaunchScreen.storyboard */ = {
			isa = PBXVariantGroup;
			children = (
				26426F9C1FD473B50059D4AC /* Base */,
			);
			name = LaunchScreen.storyboard;
			sourceTree = "<group>";
		};
/* End PBXVariantGroup section */

/* Begin XCBuildConfiguration section */
		26426FAA1FD473B50059D4AC /* Debug */ = {
			isa = XCBuildConfiguration;
			buildSettings = {
				ALWAYS_SEARCH_USER_PATHS = NO;
				CLANG_ANALYZER_NONNULL = YES;
				CLANG_ANALYZER_NUMBER_OBJECT_CONVERSION = YES_AGGRESSIVE;
				CLANG_CXX_LANGUAGE_STANDARD = "gnu++14";
				CLANG_CXX_LIBRARY = "libc++";
				CLANG_ENABLE_MODULES = YES;
				CLANG_ENABLE_OBJC_ARC = YES;
				CLANG_WARN_BLOCK_CAPTURE_AUTORELEASING = YES;
				CLANG_WARN_BOOL_CONVERSION = YES;
				CLANG_WARN_COMMA = YES;
				CLANG_WARN_CONSTANT_CONVERSION = YES;
				CLANG_WARN_DIRECT_OBJC_ISA_USAGE = YES_ERROR;
				CLANG_WARN_DOCUMENTATION_COMMENTS = YES;
				CLANG_WARN_EMPTY_BODY = YES;
				CLANG_WARN_ENUM_CONVERSION = YES;
				CLANG_WARN_INFINITE_RECURSION = YES;
				CLANG_WARN_INT_CONVERSION = YES;
				CLANG_WARN_NON_LITERAL_NULL_CONVERSION = YES;
				CLANG_WARN_OBJC_LITERAL_CONVERSION = YES;
				CLANG_WARN_OBJC_ROOT_CLASS = YES_ERROR;
				CLANG_WARN_RANGE_LOOP_ANALYSIS = YES;
				CLANG_WARN_STRICT_PROTOTYPES = YES;
				CLANG_WARN_SUSPICIOUS_MOVE = YES;
				CLANG_WARN_UNGUARDED_AVAILABILITY = YES_AGGRESSIVE;
				CLANG_WARN_UNREACHABLE_CODE = YES;
				CLANG_WARN__DUPLICATE_METHOD_MATCH = YES;
				CODE_SIGN_IDENTITY = "iPhone Developer";
				COPY_PHASE_STRIP = NO;
				DEBUG_INFORMATION_FORMAT = dwarf;
				ENABLE_STRICT_OBJC_MSGSEND = YES;
				ENABLE_TESTABILITY = YES;
				GCC_C_LANGUAGE_STANDARD = gnu11;
				GCC_DYNAMIC_NO_PIC = NO;
				GCC_NO_COMMON_BLOCKS = YES;
				GCC_OPTIMIZATION_LEVEL = 0;
				GCC_PREPROCESSOR_DEFINITIONS = (
					"DEBUG=1",
					"$(inherited)",
				);
				GCC_WARN_64_TO_32_BIT_CONVERSION = YES;
				GCC_WARN_ABOUT_RETURN_TYPE = YES_ERROR;
				GCC_WARN_UNDECLARED_SELECTOR = YES;
				GCC_WARN_UNINITIALIZED_AUTOS = YES_AGGRESSIVE;
				GCC_WARN_UNUSED_FUNCTION = YES;
				GCC_WARN_UNUSED_VARIABLE = YES;
				IPHONEOS_DEPLOYMENT_TARGET = 11.1;
				MTL_ENABLE_DEBUG_INFO = YES;
				ONLY_ACTIVE_ARCH = YES;
				SDKROOT = iphoneos;
				SWIFT_ACTIVE_COMPILATION_CONDITIONS = DEBUG;
				SWIFT_OPTIMIZATION_LEVEL = "-Onone";
			};
			name = Debug;
		};
		26426FAB1FD473B50059D4AC /* Release */ = {
			isa = XCBuildConfiguration;
			buildSettings = {
				ALWAYS_SEARCH_USER_PATHS = NO;
				CLANG_ANALYZER_NONNULL = YES;
				CLANG_ANALYZER_NUMBER_OBJECT_CONVERSION = YES_AGGRESSIVE;
				CLANG_CXX_LANGUAGE_STANDARD = "gnu++14";
				CLANG_CXX_LIBRARY = "libc++";
				CLANG_ENABLE_MODULES = YES;
				CLANG_ENABLE_OBJC_ARC = YES;
				CLANG_WARN_BLOCK_CAPTURE_AUTORELEASING = YES;
				CLANG_WARN_BOOL_CONVERSION = YES;
				CLANG_WARN_COMMA = YES;
				CLANG_WARN_CONSTANT_CONVERSION = YES;
				CLANG_WARN_DIRECT_OBJC_ISA_USAGE = YES_ERROR;
				CLANG_WARN_DOCUMENTATION_COMMENTS = YES;
				CLANG_WARN_EMPTY_BODY = YES;
				CLANG_WARN_ENUM_CONVERSION = YES;
				CLANG_WARN_INFINITE_RECURSION = YES;
				CLANG_WARN_INT_CONVERSION = YES;
				CLANG_WARN_NON_LITERAL_NULL_CONVERSION = YES;
				CLANG_WARN_OBJC_LITERAL_CONVERSION = YES;
				CLANG_WARN_OBJC_ROOT_CLASS = YES_ERROR;
				CLANG_WARN_RANGE_LOOP_ANALYSIS = YES;
				CLANG_WARN_STRICT_PROTOTYPES = YES;
				CLANG_WARN_SUSPICIOUS_MOVE = YES;
				CLANG_WARN_UNGUARDED_AVAILABILITY = YES_AGGRESSIVE;
				CLANG_WARN_UNREACHABLE_CODE = YES;
				CLANG_WARN__DUPLICATE_METHOD_MATCH = YES;
				CODE_SIGN_IDENTITY = "iPhone Developer";
				COPY_PHASE_STRIP = NO;
				DEBUG_INFORMATION_FORMAT = "dwarf-with-dsym";
				ENABLE_NS_ASSERTIONS = NO;
				ENABLE_STRICT_OBJC_MSGSEND = YES;
				GCC_C_LANGUAGE_STANDARD = gnu11;
				GCC_NO_COMMON_BLOCKS = YES;
				GCC_WARN_64_TO_32_BIT_CONVERSION = YES;
				GCC_WARN_ABOUT_RETURN_TYPE = YES_ERROR;
				GCC_WARN_UNDECLARED_SELECTOR = YES;
				GCC_WARN_UNINITIALIZED_AUTOS = YES_AGGRESSIVE;
				GCC_WARN_UNUSED_FUNCTION = YES;
				GCC_WARN_UNUSED_VARIABLE = YES;
				IPHONEOS_DEPLOYMENT_TARGET = 11.1;
				MTL_ENABLE_DEBUG_INFO = NO;
				SDKROOT = iphoneos;
				SWIFT_OPTIMIZATION_LEVEL = "-Owholemodule";
				VALIDATE_PRODUCT = YES;
			};
			name = Release;
		};
		26426FAD1FD473B50059D4AC /* Debug */ = {
			isa = XCBuildConfiguration;
			buildSettings = {
				ASSETCATALOG_COMPILER_APPICON_NAME = AppIcon;
				CODE_SIGN_STYLE = Automatic;
				DEVELOPMENT_TEAM = M3FCT79SM9;
				INFOPLIST_FILE = DigitalSticker/Info.plist;
				IPHONEOS_DEPLOYMENT_TARGET = 11.0;
				LD_RUNPATH_SEARCH_PATHS = "$(inherited) @executable_path/Frameworks";
				PRODUCT_BUNDLE_IDENTIFIER = com.smallsharptools.DigitalSticker;
				PRODUCT_NAME = "$(TARGET_NAME)";
				SWIFT_VERSION = 4.0;
				TARGETED_DEVICE_FAMILY = "1,2";
			};
			name = Debug;
		};
		26426FAE1FD473B50059D4AC /* Release */ = {
			isa = XCBuildConfiguration;
			buildSettings = {
				ASSETCATALOG_COMPILER_APPICON_NAME = AppIcon;
				CODE_SIGN_STYLE = Automatic;
				DEVELOPMENT_TEAM = M3FCT79SM9;
				INFOPLIST_FILE = DigitalSticker/Info.plist;
				IPHONEOS_DEPLOYMENT_TARGET = 11.0;
				LD_RUNPATH_SEARCH_PATHS = "$(inherited) @executable_path/Frameworks";
				PRODUCT_BUNDLE_IDENTIFIER = com.smallsharptools.DigitalSticker;
				PRODUCT_NAME = "$(TARGET_NAME)";
				SWIFT_VERSION = 4.0;
				TARGETED_DEVICE_FAMILY = "1,2";
			};
			name = Release;
		};
		26426FB01FD473B50059D4AC /* Debug */ = {
			isa = XCBuildConfiguration;
			buildSettings = {
				ALWAYS_EMBED_SWIFT_STANDARD_LIBRARIES = YES;
				BUNDLE_LOADER = "$(TEST_HOST)";
				CODE_SIGN_STYLE = Automatic;
				DEVELOPMENT_TEAM = M3FCT79SM9;
				INFOPLIST_FILE = DigitalStickerTests/Info.plist;
				LD_RUNPATH_SEARCH_PATHS = "$(inherited) @executable_path/Frameworks @loader_path/Frameworks";
				PRODUCT_BUNDLE_IDENTIFIER = com.smallsharptools.DigitalStickerTests;
				PRODUCT_NAME = "$(TARGET_NAME)";
				SWIFT_VERSION = 4.0;
				TARGETED_DEVICE_FAMILY = "1,2";
				TEST_HOST = "$(BUILT_PRODUCTS_DIR)/DigitalSticker.app/DigitalSticker";
			};
			name = Debug;
		};
		26426FB11FD473B50059D4AC /* Release */ = {
			isa = XCBuildConfiguration;
			buildSettings = {
				ALWAYS_EMBED_SWIFT_STANDARD_LIBRARIES = YES;
				BUNDLE_LOADER = "$(TEST_HOST)";
				CODE_SIGN_STYLE = Automatic;
				DEVELOPMENT_TEAM = M3FCT79SM9;
				INFOPLIST_FILE = DigitalStickerTests/Info.plist;
				LD_RUNPATH_SEARCH_PATHS = "$(inherited) @executable_path/Frameworks @loader_path/Frameworks";
				PRODUCT_BUNDLE_IDENTIFIER = com.smallsharptools.DigitalStickerTests;
				PRODUCT_NAME = "$(TARGET_NAME)";
				SWIFT_VERSION = 4.0;
				TARGETED_DEVICE_FAMILY = "1,2";
				TEST_HOST = "$(BUILT_PRODUCTS_DIR)/DigitalSticker.app/DigitalSticker";
			};
			name = Release;
		};
/* End XCBuildConfiguration section */

/* Begin XCConfigurationList section */
		26426F8A1FD473B50059D4AC /* Build configuration list for PBXProject "DigitalSticker" */ = {
			isa = XCConfigurationList;
			buildConfigurations = (
				26426FAA1FD473B50059D4AC /* Debug */,
				26426FAB1FD473B50059D4AC /* Release */,
			);
			defaultConfigurationIsVisible = 0;
			defaultConfigurationName = Release;
		};
		26426FAC1FD473B50059D4AC /* Build configuration list for PBXNativeTarget "DigitalSticker" */ = {
			isa = XCConfigurationList;
			buildConfigurations = (
				26426FAD1FD473B50059D4AC /* Debug */,
				26426FAE1FD473B50059D4AC /* Release */,
			);
			defaultConfigurationIsVisible = 0;
			defaultConfigurationName = Release;
		};
		26426FAF1FD473B50059D4AC /* Build configuration list for PBXNativeTarget "DigitalStickerTests" */ = {
			isa = XCConfigurationList;
			buildConfigurations = (
				26426FB01FD473B50059D4AC /* Debug */,
				26426FB11FD473B50059D4AC /* Release */,
			);
			defaultConfigurationIsVisible = 0;
			defaultConfigurationName = Release;
		};
/* End XCConfigurationList section */
	};
	rootObject = 26426F871FD473B50059D4AC /* Project object */;
}
